
Microsoft Visual Studio Solution File, Format Version 12.00
# Visual Studio Version 16
VisualStudioVersion = 16.0.29728.190
MinimumVisualStudioVersion = 10.0.40219.1
Project("{9A19103F-16F7-4668-BE54-9A1E7A4F7556}") = "Mklinker", "Mklinker\Mklinker.csproj", "{1FD6F7D6-3774-41DC-9AD2-1E35BDA1EAF7}"
EndProject
Project("{FAE04EC0-301F-11D3-BF4B-00C04F79EFBC}") = "Mklinker.Tests", "Mklinker.Tests\Mklinker.Tests.csproj", "{A8E97551-7521-409B-897B-ADCAC59F9E2B}"
EndProject
Global
	GlobalSection(SolutionConfigurationPlatforms) = preSolution
		Debug|Any CPU = Debug|Any CPU
		Release|Any CPU = Release|Any CPU
	EndGlobalSection
	GlobalSection(ProjectConfigurationPlatforms) = postSolution
		{1FD6F7D6-3774-41DC-9AD2-1E35BDA1EAF7}.Debug|Any CPU.ActiveCfg = Debug|Any CPU
		{1FD6F7D6-3774-41DC-9AD2-1E35BDA1EAF7}.Debug|Any CPU.Build.0 = Debug|Any CPU
		{1FD6F7D6-3774-41DC-9AD2-1E35BDA1EAF7}.Release|Any CPU.ActiveCfg = Release|Any CPU
		{1FD6F7D6-3774-41DC-9AD2-1E35BDA1EAF7}.Release|Any CPU.Build.0 = Release|Any CPU
		{A8E97551-7521-409B-897B-ADCAC59F9E2B}.Debug|Any CPU.ActiveCfg = Debug|Any CPU
		{A8E97551-7521-409B-897B-ADCAC59F9E2B}.Debug|Any CPU.Build.0 = Debug|Any CPU
		{A8E97551-7521-409B-897B-ADCAC59F9E2B}.Release|Any CPU.ActiveCfg = Release|Any CPU
		{A8E97551-7521-409B-897B-ADCAC59F9E2B}.Release|Any CPU.Build.0 = Release|Any CPU
	EndGlobalSection
	GlobalSection(SolutionProperties) = preSolution
		HideSolutionNode = FALSE
	EndGlobalSection
	GlobalSection(ExtensibilityGlobals) = postSolution
		SolutionGuid = {F8EF171C-1CD5-426C-AFFA-3B6EBE72065B}
	EndGlobalSection
EndGlobal
